
Microsoft Visual Studio Solution File, Format Version 12.00
# Visual Studio 15
VisualStudioVersion = 15.0.27130.0
MinimumVisualStudioVersion = 10.0.40219.1
Project("{FAE04EC0-301F-11D3-BF4B-00C04F79EFBC}") = "MediatorDesignPattern", "MediatorDesignPattern\MediatorDesignPattern.csproj", "{3C2BB14D-9C6B-4A7D-A688-8FCAF39A8D86}"
EndProject
Global
	GlobalSection(SolutionConfigurationPlatforms) = preSolution
		Debug|Any CPU = Debug|Any CPU
		Release|Any CPU = Release|Any CPU
	EndGlobalSection
	GlobalSection(ProjectConfigurationPlatforms) = postSolution
		{3C2BB14D-9C6B-4A7D-A688-8FCAF39A8D86}.Debug|Any CPU.ActiveCfg = Debug|Any CPU
		{3C2BB14D-9C6B-4A7D-A688-8FCAF39A8D86}.Debug|Any CPU.Build.0 = Debug|Any CPU
		{3C2BB14D-9C6B-4A7D-A688-8FCAF39A8D86}.Release|Any CPU.ActiveCfg = Release|Any CPU
		{3C2BB14D-9C6B-4A7D-A688-8FCAF39A8D86}.Release|Any CPU.Build.0 = Release|Any CPU
	EndGlobalSection
	GlobalSection(SolutionProperties) = preSolution
		HideSolutionNode = FALSE
	EndGlobalSection
	GlobalSection(ExtensibilityGlobals) = postSolution
		SolutionGuid = {EC54CBE9-E218-41A4-AA57-9BEB806B6998}
	EndGlobalSection
EndGlobal
